<Solution>
  <Folder Name="/Solution Items/">
    <File Path="../.github/CONTRIBUTING.md" />
    <File Path="../.github/README.md" />
    <File Path="Umbraco.Community.SmartRedirectSuggester/README.md" />
    <File Path="../umbraco-marketplace.json" />
  </Folder>
  <Project Path="Umbraco.Community.SmartRedirectSuggester.AISearch.Demo/Umbraco.Community.SmartRedirectSuggester.AISearch.Demo.csproj" />
  <Project Path="Umbraco.Community.SmartRedirectSuggester.Demo/Umbraco.Community.SmartRedirectSuggester.Demo.csproj" />
  <Project Path="Umbraco.Community.SmartRedirectSuggester/Umbraco.Community.SmartRedirectSuggester.csproj" />
</Solution>
